
Microsoft Visual Studio Solution File, Format Version 12.00
# Visual Studio 15
VisualStudioVersion = 15.0.27428.2037
MinimumVisualStudioVersion = 10.0.40219.1
Project("{FAE04EC0-301F-11D3-BF4B-00C04F79EFBC}") = "StrategyPattern", "StrategyPattern\StrategyPattern.csproj", "{599C42F9-0C33-43C5-BE3B-F10A17F82DF0}"
EndProject
Global
	GlobalSection(SolutionConfigurationPlatforms) = preSolution
		Debug|Any CPU = Debug|Any CPU
		Release|Any CPU = Release|Any CPU
	EndGlobalSection
	GlobalSection(ProjectConfigurationPlatforms) = postSolution
		{599C42F9-0C33-43C5-BE3B-F10A17F82DF0}.Debug|Any CPU.ActiveCfg = Debug|Any CPU
		{599C42F9-0C33-43C5-BE3B-F10A17F82DF0}.Debug|Any CPU.Build.0 = Debug|Any CPU
		{599C42F9-0C33-43C5-BE3B-F10A17F82DF0}.Release|Any CPU.ActiveCfg = Release|Any CPU
		{599C42F9-0C33-43C5-BE3B-F10A17F82DF0}.Release|Any CPU.Build.0 = Release|Any CPU
	EndGlobalSection
	GlobalSection(SolutionProperties) = preSolution
		HideSolutionNode = FALSE
	EndGlobalSection
	GlobalSection(ExtensibilityGlobals) = postSolution
		SolutionGuid = {DA16A2B6-0BE4-440A-BED4-FF7C0179521D}
	EndGlobalSection
EndGlobal
