
Microsoft Visual Studio Solution File, Format Version 12.00
# Visual Studio 15
VisualStudioVersion = 15.0.27703.2026
MinimumVisualStudioVersion = 10.0.40219.1
Project("{FAE04EC0-301F-11D3-BF4B-00C04F79EFBC}") = "CommandPattern_DomoticHouse", "CommandPattern_DomoticHouse\CommandPattern_DomoticHouse.csproj", "{AD837806-6D9E-4079-8DE5-B985D1CAE1AB}"
EndProject
Global
	GlobalSection(SolutionConfigurationPlatforms) = preSolution
		Debug|Any CPU = Debug|Any CPU
		Release|Any CPU = Release|Any CPU
	EndGlobalSection
	GlobalSection(ProjectConfigurationPlatforms) = postSolution
		{AD837806-6D9E-4079-8DE5-B985D1CAE1AB}.Debug|Any CPU.ActiveCfg = Debug|Any CPU
		{AD837806-6D9E-4079-8DE5-B985D1CAE1AB}.Debug|Any CPU.Build.0 = Debug|Any CPU
		{AD837806-6D9E-4079-8DE5-B985D1CAE1AB}.Release|Any CPU.ActiveCfg = Release|Any CPU
		{AD837806-6D9E-4079-8DE5-B985D1CAE1AB}.Release|Any CPU.Build.0 = Release|Any CPU
	EndGlobalSection
	GlobalSection(SolutionProperties) = preSolution
		HideSolutionNode = FALSE
	EndGlobalSection
	GlobalSection(ExtensibilityGlobals) = postSolution
		SolutionGuid = {824B7AC5-F1D3-473B-BC3C-237E76D2EF12}
	EndGlobalSection
EndGlobal
