
Microsoft Visual Studio Solution File, Format Version 12.00
# Visual Studio 15
VisualStudioVersion = 15.0.27428.2037
MinimumVisualStudioVersion = 10.0.40219.1
Project("{FAE04EC0-301F-11D3-BF4B-00C04F79EFBC}") = "PreProcessorDirectives", "PreProcessorDirectives\PreProcessorDirectives.csproj", "{5FA1887B-9C79-4D32-808A-CA70B86B2B0E}"
EndProject
Global
	GlobalSection(SolutionConfigurationPlatforms) = preSolution
		Debug|Any CPU = Debug|Any CPU
		Release|Any CPU = Release|Any CPU
	EndGlobalSection
	GlobalSection(ProjectConfigurationPlatforms) = postSolution
		{5FA1887B-9C79-4D32-808A-CA70B86B2B0E}.Debug|Any CPU.ActiveCfg = Debug|Any CPU
		{5FA1887B-9C79-4D32-808A-CA70B86B2B0E}.Debug|Any CPU.Build.0 = Debug|Any CPU
		{5FA1887B-9C79-4D32-808A-CA70B86B2B0E}.Release|Any CPU.ActiveCfg = Release|Any CPU
		{5FA1887B-9C79-4D32-808A-CA70B86B2B0E}.Release|Any CPU.Build.0 = Release|Any CPU
	EndGlobalSection
	GlobalSection(SolutionProperties) = preSolution
		HideSolutionNode = FALSE
	EndGlobalSection
	GlobalSection(ExtensibilityGlobals) = postSolution
		SolutionGuid = {B105E874-2DE1-4E57-B590-DE5EDA70084E}
	EndGlobalSection
EndGlobal
