
Microsoft Visual Studio Solution File, Format Version 12.00
# Visual Studio 15
VisualStudioVersion = 15.0.27428.2005
MinimumVisualStudioVersion = 10.0.40219.1
Project("{FAE04EC0-301F-11D3-BF4B-00C04F79EFBC}") = "Simple_Type", "Simple_Type\Simple_Type.csproj", "{57C72320-E091-472B-938A-82D20D8E6D8D}"
EndProject
Global
	GlobalSection(SolutionConfigurationPlatforms) = preSolution
		Debug|Any CPU = Debug|Any CPU
		Release|Any CPU = Release|Any CPU
	EndGlobalSection
	GlobalSection(ProjectConfigurationPlatforms) = postSolution
		{57C72320-E091-472B-938A-82D20D8E6D8D}.Debug|Any CPU.ActiveCfg = Debug|Any CPU
		{57C72320-E091-472B-938A-82D20D8E6D8D}.Debug|Any CPU.Build.0 = Debug|Any CPU
		{57C72320-E091-472B-938A-82D20D8E6D8D}.Release|Any CPU.ActiveCfg = Release|Any CPU
		{57C72320-E091-472B-938A-82D20D8E6D8D}.Release|Any CPU.Build.0 = Release|Any CPU
	EndGlobalSection
	GlobalSection(SolutionProperties) = preSolution
		HideSolutionNode = FALSE
	EndGlobalSection
	GlobalSection(ExtensibilityGlobals) = postSolution
		SolutionGuid = {86974AB8-5B1C-4E7B-A0E6-C8C416244F38}
	EndGlobalSection
EndGlobal
