
Microsoft Visual Studio Solution File, Format Version 12.00
# Visual Studio 15
VisualStudioVersion = 15.0.27428.2037
MinimumVisualStudioVersion = 10.0.40219.1
Project("{FAE04EC0-301F-11D3-BF4B-00C04F79EFBC}") = "Interfaces", "Interfaces\Interfaces.csproj", "{227CAC27-3202-4F3D-9458-BE7F362F18A9}"
EndProject
Global
	GlobalSection(SolutionConfigurationPlatforms) = preSolution
		Debug|Any CPU = Debug|Any CPU
		Release|Any CPU = Release|Any CPU
	EndGlobalSection
	GlobalSection(ProjectConfigurationPlatforms) = postSolution
		{227CAC27-3202-4F3D-9458-BE7F362F18A9}.Debug|Any CPU.ActiveCfg = Debug|Any CPU
		{227CAC27-3202-4F3D-9458-BE7F362F18A9}.Debug|Any CPU.Build.0 = Debug|Any CPU
		{227CAC27-3202-4F3D-9458-BE7F362F18A9}.Release|Any CPU.ActiveCfg = Release|Any CPU
		{227CAC27-3202-4F3D-9458-BE7F362F18A9}.Release|Any CPU.Build.0 = Release|Any CPU
	EndGlobalSection
	GlobalSection(SolutionProperties) = preSolution
		HideSolutionNode = FALSE
	EndGlobalSection
	GlobalSection(ExtensibilityGlobals) = postSolution
		SolutionGuid = {4BF7DBA8-2863-49DC-AEF1-34B479E129E3}
	EndGlobalSection
EndGlobal
