
Microsoft Visual Studio Solution File, Format Version 12.00
# Visual Studio 15
VisualStudioVersion = 15.0.27428.2005
MinimumVisualStudioVersion = 10.0.40219.1
Project("{FAE04EC0-301F-11D3-BF4B-00C04F79EFBC}") = "PlayingWithClasses", "PlayingWithClasses\PlayingWithClasses.csproj", "{B31DD075-5F12-4C42-A1A5-D4F77A151BB8}"
EndProject
Global
	GlobalSection(SolutionConfigurationPlatforms) = preSolution
		Debug|Any CPU = Debug|Any CPU
		Release|Any CPU = Release|Any CPU
	EndGlobalSection
	GlobalSection(ProjectConfigurationPlatforms) = postSolution
		{B31DD075-5F12-4C42-A1A5-D4F77A151BB8}.Debug|Any CPU.ActiveCfg = Debug|Any CPU
		{B31DD075-5F12-4C42-A1A5-D4F77A151BB8}.Debug|Any CPU.Build.0 = Debug|Any CPU
		{B31DD075-5F12-4C42-A1A5-D4F77A151BB8}.Release|Any CPU.ActiveCfg = Release|Any CPU
		{B31DD075-5F12-4C42-A1A5-D4F77A151BB8}.Release|Any CPU.Build.0 = Release|Any CPU
	EndGlobalSection
	GlobalSection(SolutionProperties) = preSolution
		HideSolutionNode = FALSE
	EndGlobalSection
	GlobalSection(ExtensibilityGlobals) = postSolution
		SolutionGuid = {3E5B523B-742C-4E93-A1A7-6A7D366C626A}
	EndGlobalSection
EndGlobal
